
Microsoft Visual Studio Solution File, Format Version 12.00
# Visual Studio 15
VisualStudioVersion = 15.0.26124.0
MinimumVisualStudioVersion = 15.0.26124.0
Project("{2150E333-8FDC-42A3-9474-1A3956D46DE8}") = "src", "src", "{A5E53FC5-EFF7-47D5-A4B5-7D4D354F0A1B}"
EndProject
Project("{FAE04EC0-301F-11D3-BF4B-00C04F79EFBC}") = "Python.Runtime", "src\runtime\Python.Runtime.csproj", "{BE94034D-76DA-41E8-BD72-28943C7846E0}"
EndProject
Project("{FAE04EC0-301F-11D3-BF4B-00C04F79EFBC}") = "Python.EmbeddingTest", "src\embed_tests\Python.EmbeddingTest.csproj", "{64D632F7-BA6F-41D0-832F-642B6753614A}"
EndProject
Global
	GlobalSection(SolutionConfigurationPlatforms) = preSolution
		Debug|Any CPU = Debug|Any CPU
		Debug|x64 = Debug|x64
		Debug|x86 = Debug|x86
		Release|Any CPU = Release|Any CPU
		Release|x64 = Release|x64
		Release|x86 = Release|x86
	EndGlobalSection
	GlobalSection(SolutionProperties) = preSolution
		HideSolutionNode = FALSE
	EndGlobalSection
	GlobalSection(ProjectConfigurationPlatforms) = postSolution
		{BE94034D-76DA-41E8-BD72-28943C7846E0}.Debug|Any CPU.ActiveCfg = DebugMono|Any CPU
		{BE94034D-76DA-41E8-BD72-28943C7846E0}.Debug|Any CPU.Build.0 = DebugMono|Any CPU
		{BE94034D-76DA-41E8-BD72-28943C7846E0}.Debug|x64.ActiveCfg = DebugMono|Any CPU
		{BE94034D-76DA-41E8-BD72-28943C7846E0}.Debug|x64.Build.0 = DebugMono|Any CPU
		{BE94034D-76DA-41E8-BD72-28943C7846E0}.Debug|x86.ActiveCfg = DebugMono|Any CPU
		{BE94034D-76DA-41E8-BD72-28943C7846E0}.Debug|x86.Build.0 = DebugMono|Any CPU
		{BE94034D-76DA-41E8-BD72-28943C7846E0}.Release|Any CPU.ActiveCfg = DebugMono|Any CPU
		{BE94034D-76DA-41E8-BD72-28943C7846E0}.Release|Any CPU.Build.0 = DebugMono|Any CPU
		{BE94034D-76DA-41E8-BD72-28943C7846E0}.Release|x64.ActiveCfg = DebugMono|Any CPU
		{BE94034D-76DA-41E8-BD72-28943C7846E0}.Release|x64.Build.0 = DebugMono|Any CPU
		{BE94034D-76DA-41E8-BD72-28943C7846E0}.Release|x86.ActiveCfg = DebugMono|Any CPU
		{BE94034D-76DA-41E8-BD72-28943C7846E0}.Release|x86.Build.0 = DebugMono|Any CPU
		{64D632F7-BA6F-41D0-832F-642B6753614A}.Debug|Any CPU.ActiveCfg = DebugMono|x64
		{64D632F7-BA6F-41D0-832F-642B6753614A}.Debug|Any CPU.Build.0 = DebugMono|x64
		{64D632F7-BA6F-41D0-832F-642B6753614A}.Debug|x64.ActiveCfg = DebugMono|x64
		{64D632F7-BA6F-41D0-832F-642B6753614A}.Debug|x64.Build.0 = DebugMono|x64
		{64D632F7-BA6F-41D0-832F-642B6753614A}.Debug|x86.ActiveCfg = DebugMono|x86
		{64D632F7-BA6F-41D0-832F-642B6753614A}.Debug|x86.Build.0 = DebugMono|x86
		{64D632F7-BA6F-41D0-832F-642B6753614A}.Release|Any CPU.ActiveCfg = DebugMono|x64
		{64D632F7-BA6F-41D0-832F-642B6753614A}.Release|Any CPU.Build.0 = DebugMono|x64
		{64D632F7-BA6F-41D0-832F-642B6753614A}.Release|x64.ActiveCfg = DebugMono|x64
		{64D632F7-BA6F-41D0-832F-642B6753614A}.Release|x64.Build.0 = DebugMono|x64
		{64D632F7-BA6F-41D0-832F-642B6753614A}.Release|x86.ActiveCfg = DebugMono|x86
		{64D632F7-BA6F-41D0-832F-642B6753614A}.Release|x86.Build.0 = DebugMono|x86
	EndGlobalSection
	GlobalSection(NestedProjects) = preSolution
		{BE94034D-76DA-41E8-BD72-28943C7846E0} = {A5E53FC5-EFF7-47D5-A4B5-7D4D354F0A1B}
		{64D632F7-BA6F-41D0-832F-642B6753614A} = {A5E53FC5-EFF7-47D5-A4B5-7D4D354F0A1B}
	EndGlobalSection
EndGlobal
