
Microsoft Visual Studio Solution File, Format Version 12.00
# Visual Studio 15
VisualStudioVersion = 15.0.26124.0
MinimumVisualStudioVersion = 15.0.26124.0
Project("{FAE04EC0-301F-11D3-BF4B-00C04F79EFBC}") = "Python.Runtime", "..\Python.Runtime\Python.Runtime.csproj", "{4CD5064D-A94A-425E-A02F-0F639C25654F}"
EndProject
Project("{FAE04EC0-301F-11D3-BF4B-00C04F79EFBC}") = "Console", "Console.csproj", "{9FAAD138-25DF-4786-9361-4ECEDD748273}"
EndProject
Global
	GlobalSection(SolutionConfigurationPlatforms) = preSolution
		Debug|Any CPU = Debug|Any CPU
		Debug|x64 = Debug|x64
		Debug|x86 = Debug|x86
		Release|Any CPU = Release|Any CPU
		Release|x64 = Release|x64
		Release|x86 = Release|x86
	EndGlobalSection
	GlobalSection(SolutionProperties) = preSolution
		HideSolutionNode = FALSE
	EndGlobalSection
	GlobalSection(ProjectConfigurationPlatforms) = postSolution
		{4CD5064D-A94A-425E-A02F-0F639C25654F}.Debug|Any CPU.ActiveCfg = Debug|Any CPU
		{4CD5064D-A94A-425E-A02F-0F639C25654F}.Debug|Any CPU.Build.0 = Debug|Any CPU
		{4CD5064D-A94A-425E-A02F-0F639C25654F}.Debug|x64.ActiveCfg = Debug|Any CPU
		{4CD5064D-A94A-425E-A02F-0F639C25654F}.Debug|x64.Build.0 = Debug|Any CPU
		{4CD5064D-A94A-425E-A02F-0F639C25654F}.Debug|x86.ActiveCfg = Debug|Any CPU
		{4CD5064D-A94A-425E-A02F-0F639C25654F}.Debug|x86.Build.0 = Debug|Any CPU
		{4CD5064D-A94A-425E-A02F-0F639C25654F}.Release|Any CPU.ActiveCfg = Release|Any CPU
		{4CD5064D-A94A-425E-A02F-0F639C25654F}.Release|Any CPU.Build.0 = Release|Any CPU
		{4CD5064D-A94A-425E-A02F-0F639C25654F}.Release|x64.ActiveCfg = Release|Any CPU
		{4CD5064D-A94A-425E-A02F-0F639C25654F}.Release|x64.Build.0 = Release|Any CPU
		{4CD5064D-A94A-425E-A02F-0F639C25654F}.Release|x86.ActiveCfg = Release|Any CPU
		{4CD5064D-A94A-425E-A02F-0F639C25654F}.Release|x86.Build.0 = Release|Any CPU
		{7C759459-EFF8-413B-8553-A7A00B47CE76}.Debug|Any CPU.ActiveCfg = Debug|Any CPU
		{7C759459-EFF8-413B-8553-A7A00B47CE76}.Debug|Any CPU.Build.0 = Debug|Any CPU
		{7C759459-EFF8-413B-8553-A7A00B47CE76}.Debug|x64.ActiveCfg = Debug|Any CPU
		{7C759459-EFF8-413B-8553-A7A00B47CE76}.Debug|x64.Build.0 = Debug|Any CPU
		{7C759459-EFF8-413B-8553-A7A00B47CE76}.Debug|x86.ActiveCfg = Debug|Any CPU
		{7C759459-EFF8-413B-8553-A7A00B47CE76}.Debug|x86.Build.0 = Debug|Any CPU
		{7C759459-EFF8-413B-8553-A7A00B47CE76}.Release|Any CPU.ActiveCfg = Release|Any CPU
		{7C759459-EFF8-413B-8553-A7A00B47CE76}.Release|Any CPU.Build.0 = Release|Any CPU
		{7C759459-EFF8-413B-8553-A7A00B47CE76}.Release|x64.ActiveCfg = Release|Any CPU
		{7C759459-EFF8-413B-8553-A7A00B47CE76}.Release|x64.Build.0 = Release|Any CPU
		{7C759459-EFF8-413B-8553-A7A00B47CE76}.Release|x86.ActiveCfg = Release|Any CPU
		{7C759459-EFF8-413B-8553-A7A00B47CE76}.Release|x86.Build.0 = Release|Any CPU
		{9FAAD138-25DF-4786-9361-4ECEDD748273}.Debug|Any CPU.ActiveCfg = Debug|Any CPU
		{9FAAD138-25DF-4786-9361-4ECEDD748273}.Debug|Any CPU.Build.0 = Debug|Any CPU
		{9FAAD138-25DF-4786-9361-4ECEDD748273}.Debug|x64.ActiveCfg = Debug|Any CPU
		{9FAAD138-25DF-4786-9361-4ECEDD748273}.Debug|x64.Build.0 = Debug|Any CPU
		{9FAAD138-25DF-4786-9361-4ECEDD748273}.Debug|x86.ActiveCfg = Debug|Any CPU
		{9FAAD138-25DF-4786-9361-4ECEDD748273}.Debug|x86.Build.0 = Debug|Any CPU
		{9FAAD138-25DF-4786-9361-4ECEDD748273}.Release|Any CPU.ActiveCfg = Release|Any CPU
		{9FAAD138-25DF-4786-9361-4ECEDD748273}.Release|Any CPU.Build.0 = Release|Any CPU
		{9FAAD138-25DF-4786-9361-4ECEDD748273}.Release|x64.ActiveCfg = Release|Any CPU
		{9FAAD138-25DF-4786-9361-4ECEDD748273}.Release|x64.Build.0 = Release|Any CPU
		{9FAAD138-25DF-4786-9361-4ECEDD748273}.Release|x86.ActiveCfg = Release|Any CPU
		{9FAAD138-25DF-4786-9361-4ECEDD748273}.Release|x86.Build.0 = Release|Any CPU
	EndGlobalSection
	GlobalSection(NestedProjects) = preSolution
		{7C759459-EFF8-413B-8553-A7A00B47CE76} = {C2EDE7AA-C086-4B5D-BAB5-3B78F1ECA54B}
	EndGlobalSection
EndGlobal
